<?xml version="1.0" encoding="utf-8"?>
<Project ToolsVersion="4.0" xmlns="http://schemas.microsoft.com/developer/msbuild/2003">
  <ItemGroup>
    <Filter Include="Header Files">
      <UniqueIdentifier>{5b2f0e13-acc8-4fac-8bc8-72bc3279d134}</UniqueIdentifier>
      <Extensions>h;hpp;hxx</Extensions>
    </Filter>
    <Filter Include="Source Files">
      <UniqueIdentifier>{e32a5c2c-d1cb-4ea1-8199-865904f9cb70}</UniqueIdentifier>
      <Extensions>c;cpp;cxx</Extensions>
    </Filter>
    <Filter Include="Template Implementations">
      <UniqueIdentifier>{519e9d80-bc26-41fc-a55b-6df81015a2d2}</UniqueIdentifier>
      <Extensions>tpp;txx</Extensions>
    </Filter>
  </ItemGroup>
  <ItemGroup>
    <ClInclude Include="persistence.hpp">
      <Filter>Header Files</Filter>
    </ClInclude>
    <ClInclude Include="persistence_fixes.hpp">
      <Filter>Header Files</Filter>
    </ClInclude>
    <ClInclude Include="persistent.hpp">
      <Filter>Header Files</Filter>
    </ClInclude>
    <ClInclude Include="persistent_basic.hpp">
      <Filter>Header Files</Filter>
    </ClInclude>
    <ClInclude Include="persistent_bitset.hpp">
      <Filter>Header Files</Filter>
    </ClInclude>
    <ClInclude Include="persistent_bool.hpp">
      <Filter>Header Files</Filter>
    </ClInclude>
    <ClInclude Include="persistent_callback.hpp">
      <Filter>Header Files</Filter>
    </ClInclude>
    <ClInclude Include="persistent_complex.hpp">
      <Filter>Header Files</Filter>
    </ClInclude>
    <ClInclude Include="persistent_contexts.hpp">
      <Filter>Header Files</Filter>
    </ClInclude>
    <ClInclude Include="persistent_cstring.hpp">
      <Filter>Header Files</Filter>
    </ClInclude>
    <ClInclude Include="persistent_deque.hpp">
      <Filter>Header Files</Filter>
    </ClInclude>
    <ClInclude Include="persistent_digraph.hpp">
      <Filter>Header Files</Filter>
    </ClInclude>
    <ClInclude Include="persistent_enum.hpp">
      <Filter>Header Files</Filter>
    </ClInclude>
    <ClInclude Include="persistent_exceptions.hpp">
      <Filter>Header Files</Filter>
    </ClInclude>
    <ClInclude Include="persistent_float.hpp">
      <Filter>Header Files</Filter>
    </ClInclude>
    <ClInclude Include="persistent_foursome.hpp">
      <Filter>Header Files</Filter>
    </ClInclude>
    <ClInclude Include="persistent_hash.hpp">
      <Filter>Header Files</Filter>
    </ClInclude>
    <ClInclude Include="persistent_inf.hpp">
      <Filter>Header Files</Filter>
    </ClInclude>
    <ClInclude Include="persistent_int.hpp">
      <Filter>Header Files</Filter>
    </ClInclude>
    <ClInclude Include="persistent_interface.hpp">
      <Filter>Header Files</Filter>
    </ClInclude>
    <ClInclude Include="persistent_list.hpp">
      <Filter>Header Files</Filter>
    </ClInclude>
    <ClInclude Include="persistent_map.hpp">
      <Filter>Header Files</Filter>
    </ClInclude>
    <ClInclude Include="persistent_matrix.hpp">
      <Filter>Header Files</Filter>
    </ClInclude>
    <ClInclude Include="persistent_multimap.hpp">
      <Filter>Header Files</Filter>
    </ClInclude>
    <ClInclude Include="persistent_multiset.hpp">
      <Filter>Header Files</Filter>
    </ClInclude>
    <ClInclude Include="persistent_ntree.hpp">
      <Filter>Header Files</Filter>
    </ClInclude>
    <ClInclude Include="persistent_pair.hpp">
      <Filter>Header Files</Filter>
    </ClInclude>
    <ClInclude Include="persistent_pointer.hpp">
      <Filter>Header Files</Filter>
    </ClInclude>
    <ClInclude Include="persistent_pointers.hpp">
      <Filter>Header Files</Filter>
    </ClInclude>
    <ClInclude Include="persistent_set.hpp">
      <Filter>Header Files</Filter>
    </ClInclude>
    <ClInclude Include="persistent_shortcuts.hpp">
      <Filter>Header Files</Filter>
    </ClInclude>
    <ClInclude Include="persistent_simple_ptr.hpp">
      <Filter>Header Files</Filter>
    </ClInclude>
    <ClInclude Include="persistent_smart_ptr.hpp">
      <Filter>Header Files</Filter>
    </ClInclude>
    <ClInclude Include="persistent_stl.hpp">
      <Filter>Header Files</Filter>
    </ClInclude>
    <ClInclude Include="persistent_stlplus.hpp">
      <Filter>Header Files</Filter>
    </ClInclude>
    <ClInclude Include="persistent_string.hpp">
      <Filter>Header Files</Filter>
    </ClInclude>
    <ClInclude Include="persistent_triple.hpp">
      <Filter>Header Files</Filter>
    </ClInclude>
    <ClInclude Include="persistent_vector.hpp">
      <Filter>Header Files</Filter>
    </ClInclude>
    <ClInclude Include="persistent_xref.hpp">
      <Filter>Header Files</Filter>
    </ClInclude>
  </ItemGroup>
  <ItemGroup>
    <ClCompile Include="persistent_bool.cpp">
      <Filter>Source Files</Filter>
    </ClCompile>
    <ClCompile Include="persistent_contexts.cpp">
      <Filter>Source Files</Filter>
    </ClCompile>
    <ClCompile Include="persistent_cstring.cpp">
      <Filter>Source Files</Filter>
    </ClCompile>
    <ClCompile Include="persistent_exceptions.cpp">
      <Filter>Source Files</Filter>
    </ClCompile>
    <ClCompile Include="persistent_float.cpp">
      <Filter>Source Files</Filter>
    </ClCompile>
    <ClCompile Include="persistent_inf.cpp">
      <Filter>Source Files</Filter>
    </ClCompile>
    <ClCompile Include="persistent_int.cpp">
      <Filter>Source Files</Filter>
    </ClCompile>
    <ClCompile Include="persistent_string.cpp">
      <Filter>Source Files</Filter>
    </ClCompile>
    <ClCompile Include="persistent_vector.cpp">
      <Filter>Source Files</Filter>
    </ClCompile>
  </ItemGroup>
  <ItemGroup>
    <None Include="persistent_bitset.tpp">
      <Filter>Template Implementations</Filter>
    </None>
    <None Include="persistent_callback.tpp">
      <Filter>Template Implementations</Filter>
    </None>
    <None Include="persistent_complex.tpp">
      <Filter>Template Implementations</Filter>
    </None>
    <None Include="persistent_deque.tpp">
      <Filter>Template Implementations</Filter>
    </None>
    <None Include="persistent_digraph.tpp">
      <Filter>Template Implementations</Filter>
    </None>
    <None Include="persistent_enum.tpp">
      <Filter>Template Implementations</Filter>
    </None>
    <None Include="persistent_foursome.tpp">
      <Filter>Template Implementations</Filter>
    </None>
    <None Include="persistent_hash.tpp">
      <Filter>Template Implementations</Filter>
    </None>
    <None Include="persistent_interface.tpp">
      <Filter>Template Implementations</Filter>
    </None>
    <None Include="persistent_list.tpp">
      <Filter>Template Implementations</Filter>
    </None>
    <None Include="persistent_map.tpp">
      <Filter>Template Implementations</Filter>
    </None>
    <None Include="persistent_matrix.tpp">
      <Filter>Template Implementations</Filter>
    </None>
    <None Include="persistent_multimap.tpp">
      <Filter>Template Implementations</Filter>
    </None>
    <None Include="persistent_multiset.tpp">
      <Filter>Template Implementations</Filter>
    </None>
    <None Include="persistent_ntree.tpp">
      <Filter>Template Implementations</Filter>
    </None>
    <None Include="persistent_pair.tpp">
      <Filter>Template Implementations</Filter>
    </None>
    <None Include="persistent_pointer.tpp">
      <Filter>Template Implementations</Filter>
    </None>
    <None Include="persistent_set.tpp">
      <Filter>Template Implementations</Filter>
    </None>
    <None Include="persistent_shortcuts.tpp">
      <Filter>Template Implementations</Filter>
    </None>
    <None Include="persistent_simple_ptr.tpp">
      <Filter>Template Implementations</Filter>
    </None>
    <None Include="persistent_smart_ptr.tpp">
      <Filter>Template Implementations</Filter>
    </None>
    <None Include="persistent_string.tpp">
      <Filter>Template Implementations</Filter>
    </None>
    <None Include="persistent_triple.tpp">
      <Filter>Template Implementations</Filter>
    </None>
    <None Include="persistent_vector.tpp">
      <Filter>Template Implementations</Filter>
    </None>
    <None Include="persistent_xref.tpp">
      <Filter>Template Implementations</Filter>
    </None>
  </ItemGroup>
</Project>