<?xml version="1.0" encoding="utf-8"?>
<Project ToolsVersion="4.0" xmlns="http://schemas.microsoft.com/developer/msbuild/2003">
  <ItemGroup>
    <ClInclude Include="containers.hpp">
      <Filter>Headers</Filter>
    </ClInclude>
    <ClInclude Include="triple.hpp">
      <Filter>Headers</Filter>
    </ClInclude>
    <ClInclude Include="containers_fixes.hpp">
      <Filter>Headers</Filter>
    </ClInclude>
    <ClInclude Include="copy_functors.hpp">
      <Filter>Headers</Filter>
    </ClInclude>
    <ClInclude Include="digraph.hpp">
      <Filter>Headers</Filter>
    </ClInclude>
    <ClInclude Include="exceptions.hpp">
      <Filter>Headers</Filter>
    </ClInclude>
    <ClInclude Include="foursome.hpp">
      <Filter>Headers</Filter>
    </ClInclude>
    <ClInclude Include="hash.hpp">
      <Filter>Headers</Filter>
    </ClInclude>
    <ClInclude Include="matrix.hpp">
      <Filter>Headers</Filter>
    </ClInclude>
    <ClInclude Include="ntree.hpp">
      <Filter>Headers</Filter>
    </ClInclude>
    <ClInclude Include="safe_iterator.hpp">
      <Filter>Headers</Filter>
    </ClInclude>
    <ClInclude Include="simple_ptr.hpp">
      <Filter>Headers</Filter>
    </ClInclude>
    <ClInclude Include="smart_ptr.hpp">
      <Filter>Headers</Filter>
    </ClInclude>
  </ItemGroup>
  <ItemGroup>
    <None Include="triple.tpp">
      <Filter>Templates</Filter>
    </None>
    <None Include="smart_ptr.tpp">
      <Filter>Templates</Filter>
    </None>
    <None Include="simple_ptr.tpp">
      <Filter>Templates</Filter>
    </None>
    <None Include="safe_iterator.tpp">
      <Filter>Templates</Filter>
    </None>
    <None Include="ntree.tpp">
      <Filter>Templates</Filter>
    </None>
    <None Include="matrix.tpp">
      <Filter>Templates</Filter>
    </None>
    <None Include="hash.tpp">
      <Filter>Templates</Filter>
    </None>
    <None Include="foursome.tpp">
      <Filter>Templates</Filter>
    </None>
    <None Include="digraph.tpp">
      <Filter>Templates</Filter>
    </None>
  </ItemGroup>
  <ItemGroup>
    <Filter Include="Headers">
      <UniqueIdentifier>{8dc5a42d-7c91-4c86-8de1-c3377561f266}</UniqueIdentifier>
      <Extensions>*.hpp</Extensions>
    </Filter>
    <Filter Include="Templates">
      <UniqueIdentifier>{db8dcfb3-c3f0-4088-9041-8d5807acf1f6}</UniqueIdentifier>
      <Extensions>*.tpp</Extensions>
    </Filter>
  </ItemGroup>
</Project>