<?xml version="1.0" encoding="utf-8"?>
<Project ToolsVersion="4.0" xmlns="http://schemas.microsoft.com/developer/msbuild/2003">
  <ItemGroup>
    <Filter Include="Header Files">
      <UniqueIdentifier>{6ceb85b8-941a-4dde-9559-638b0c45ac9f}</UniqueIdentifier>
      <Extensions>h;hpp;hxx</Extensions>
    </Filter>
    <Filter Include="Template Implementations">
      <UniqueIdentifier>{0485961d-9af9-4d20-9716-e0f1e224b0b3}</UniqueIdentifier>
      <Extensions>tpp;txx</Extensions>
    </Filter>
    <Filter Include="Source Files">
      <UniqueIdentifier>{ce612c21-3bca-4c63-9751-9ad42f563013}</UniqueIdentifier>
      <Extensions>c;cpp;cxx</Extensions>
    </Filter>
  </ItemGroup>
  <ItemGroup>
    <ClInclude Include="containers.hpp">
      <Filter>Header Files</Filter>
    </ClInclude>
    <ClInclude Include="containers_fixes.hpp">
      <Filter>Header Files</Filter>
    </ClInclude>
    <ClInclude Include="copy_functors.hpp">
      <Filter>Header Files</Filter>
    </ClInclude>
    <ClInclude Include="digraph.hpp">
      <Filter>Header Files</Filter>
    </ClInclude>
    <ClInclude Include="exceptions.hpp">
      <Filter>Header Files</Filter>
    </ClInclude>
    <ClInclude Include="foursome.hpp">
      <Filter>Header Files</Filter>
    </ClInclude>
    <ClInclude Include="hash.hpp">
      <Filter>Header Files</Filter>
    </ClInclude>
    <ClInclude Include="matrix.hpp">
      <Filter>Header Files</Filter>
    </ClInclude>
    <ClInclude Include="ntree.hpp">
      <Filter>Header Files</Filter>
    </ClInclude>
    <ClInclude Include="safe_iterator.hpp">
      <Filter>Header Files</Filter>
    </ClInclude>
    <ClInclude Include="simple_ptr.hpp">
      <Filter>Header Files</Filter>
    </ClInclude>
    <ClInclude Include="smart_ptr.hpp">
      <Filter>Header Files</Filter>
    </ClInclude>
    <ClInclude Include="triple.hpp">
      <Filter>Header Files</Filter>
    </ClInclude>
  </ItemGroup>
  <ItemGroup>
    <None Include="digraph.tpp">
      <Filter>Template Implementations</Filter>
    </None>
    <None Include="foursome.tpp">
      <Filter>Template Implementations</Filter>
    </None>
    <None Include="hash.tpp">
      <Filter>Template Implementations</Filter>
    </None>
    <None Include="matrix.tpp">
      <Filter>Template Implementations</Filter>
    </None>
    <None Include="ntree.tpp">
      <Filter>Template Implementations</Filter>
    </None>
    <None Include="safe_iterator.tpp">
      <Filter>Template Implementations</Filter>
    </None>
    <None Include="simple_ptr.tpp">
      <Filter>Template Implementations</Filter>
    </None>
    <None Include="smart_ptr.tpp">
      <Filter>Template Implementations</Filter>
    </None>
    <None Include="triple.tpp">
      <Filter>Template Implementations</Filter>
    </None>
  </ItemGroup>
</Project>