<?xml version="1.0" encoding="utf-8"?>
<Project ToolsVersion="4.0" xmlns="http://schemas.microsoft.com/developer/msbuild/2003">
  <ItemGroup>
    <Filter Include="Header Files">
      <UniqueIdentifier>{4622b74d-2f7b-420c-9991-97bc7625efd9}</UniqueIdentifier>
      <Extensions>h;hpp;hxx</Extensions>
    </Filter>
    <Filter Include="Source Files">
      <UniqueIdentifier>{d30b3760-9854-46ad-a34e-1930b630e9fb}</UniqueIdentifier>
      <Extensions>c;cpp;cxx</Extensions>
    </Filter>
  </ItemGroup>
  <ItemGroup>
    <ClInclude Include="cli_parser.hpp">
      <Filter>Header Files</Filter>
    </ClInclude>
    <ClInclude Include="ini_manager.hpp">
      <Filter>Header Files</Filter>
    </ClInclude>
    <ClInclude Include="library_manager.hpp">
      <Filter>Header Files</Filter>
    </ClInclude>
    <ClInclude Include="message_handler.hpp">
      <Filter>Header Files</Filter>
    </ClInclude>
    <ClInclude Include="subsystems.hpp">
      <Filter>Header Files</Filter>
    </ClInclude>
    <ClInclude Include="subsystems_fixes.hpp">
      <Filter>Header Files</Filter>
    </ClInclude>
    <ClInclude Include="timer.hpp">
      <Filter>Header Files</Filter>
    </ClInclude>
  </ItemGroup>
  <ItemGroup>
    <ClCompile Include="cli_parser.cpp">
      <Filter>Source Files</Filter>
    </ClCompile>
    <ClCompile Include="ini_manager.cpp">
      <Filter>Source Files</Filter>
    </ClCompile>
    <ClCompile Include="library_manager.cpp">
      <Filter>Source Files</Filter>
    </ClCompile>
    <ClCompile Include="message_handler.cpp">
      <Filter>Source Files</Filter>
    </ClCompile>
    <ClCompile Include="timer.cpp">
      <Filter>Source Files</Filter>
    </ClCompile>
  </ItemGroup>
</Project>