<?xml version="1.0" encoding="utf-8"?>
<Project ToolsVersion="4.0" xmlns="http://schemas.microsoft.com/developer/msbuild/2003">
  <ItemGroup>
    <Filter Include="Header Files">
      <UniqueIdentifier>{3dcd83a7-1e04-4c28-a2a0-e7ff1624e8d7}</UniqueIdentifier>
      <Extensions>h;hpp;hxx</Extensions>
    </Filter>
    <Filter Include="Source Files">
      <UniqueIdentifier>{1e278648-097f-4e66-8bca-be9e3086c0e0}</UniqueIdentifier>
      <Extensions>c;cpp;cxx</Extensions>
    </Filter>
  </ItemGroup>
  <ItemGroup>
    <ClInclude Include="build.hpp">
      <Filter>Header Files</Filter>
    </ClInclude>
    <ClInclude Include="debug.hpp">
      <Filter>Header Files</Filter>
    </ClInclude>
    <ClInclude Include="dprintf.hpp">
      <Filter>Header Files</Filter>
    </ClInclude>
    <ClInclude Include="dynaload.hpp">
      <Filter>Header Files</Filter>
    </ClInclude>
    <ClInclude Include="file_system.hpp">
      <Filter>Header Files</Filter>
    </ClInclude>
    <ClInclude Include="inf.hpp">
      <Filter>Header Files</Filter>
    </ClInclude>
    <ClInclude Include="portability.hpp">
      <Filter>Header Files</Filter>
    </ClInclude>
    <ClInclude Include="portability_exceptions.hpp">
      <Filter>Header Files</Filter>
    </ClInclude>
    <ClInclude Include="portability_fixes.hpp">
      <Filter>Header Files</Filter>
    </ClInclude>
    <ClInclude Include="subprocesses.hpp">
      <Filter>Header Files</Filter>
    </ClInclude>
    <ClInclude Include="ip_sockets.hpp">
      <Filter>Header Files</Filter>
    </ClInclude>
    <ClInclude Include="tcp_sockets.hpp">
      <Filter>Header Files</Filter>
    </ClInclude>
    <ClInclude Include="udp_sockets.hpp">
      <Filter>Header Files</Filter>
    </ClInclude>
    <ClInclude Include="time.hpp">
      <Filter>Header Files</Filter>
    </ClInclude>
    <ClInclude Include="version.hpp">
      <Filter>Header Files</Filter>
    </ClInclude>
    <ClInclude Include="wildcard.hpp">
      <Filter>Header Files</Filter>
    </ClInclude>
  </ItemGroup>
  <ItemGroup>
    <ClCompile Include="build.cpp">
      <Filter>Source Files</Filter>
    </ClCompile>
    <ClCompile Include="debug.cpp">
      <Filter>Source Files</Filter>
    </ClCompile>
    <ClCompile Include="dprintf.cpp">
      <Filter>Source Files</Filter>
    </ClCompile>
    <ClCompile Include="dynaload.cpp">
      <Filter>Source Files</Filter>
    </ClCompile>
    <ClCompile Include="file_system.cpp">
      <Filter>Source Files</Filter>
    </ClCompile>
    <ClCompile Include="inf.cpp">
      <Filter>Source Files</Filter>
    </ClCompile>
    <ClCompile Include="portability_fixes.cpp">
      <Filter>Source Files</Filter>
    </ClCompile>
    <ClCompile Include="subprocesses.cpp">
      <Filter>Source Files</Filter>
    </ClCompile>
    <ClCompile Include="ip_sockets.cpp">
      <Filter>Source Files</Filter>
    </ClCompile>
    <ClCompile Include="tcp_sockets.cpp">
      <Filter>Source Files</Filter>
    </ClCompile>
    <ClCompile Include="udp_sockets.cpp">
      <Filter>Source Files</Filter>
    </ClCompile>
    <ClCompile Include="time.cpp">
      <Filter>Source Files</Filter>
    </ClCompile>
    <ClCompile Include="version.cpp">
      <Filter>Source Files</Filter>
    </ClCompile>
    <ClCompile Include="wildcard.cpp">
      <Filter>Source Files</Filter>
    </ClCompile>
  </ItemGroup>
</Project>