
Microsoft Visual Studio Solution File, Format Version 10.00
# Visual C++ Express 2008
Project("{8BC9CEB8-8B4A-11D0-8D11-00A0C91BC942}") = "heapdebug_test", "heapdebug_test.vcproj", "{B51EFC4F-9A9B-4249-81FB-B63D4035614F}"
EndProject
Global
	GlobalSection(SolutionConfigurationPlatforms) = preSolution
		Debug|Win32 = Debug|Win32
		Release|Win32 = Release|Win32
	EndGlobalSection
	GlobalSection(ProjectConfigurationPlatforms) = postSolution
		{B51EFC4F-9A9B-4249-81FB-B63D4035614F}.Debug|Win32.ActiveCfg = Debug|Win32
		{B51EFC4F-9A9B-4249-81FB-B63D4035614F}.Debug|Win32.Build.0 = Debug|Win32
		{B51EFC4F-9A9B-4249-81FB-B63D4035614F}.Release|Win32.ActiveCfg = Release|Win32
		{B51EFC4F-9A9B-4249-81FB-B63D4035614F}.Release|Win32.Build.0 = Release|Win32
	EndGlobalSection
	GlobalSection(SolutionProperties) = preSolution
		HideSolutionNode = FALSE
	EndGlobalSection
EndGlobal
