<?xml version="1.0" encoding="utf-8"?>
<Project ToolsVersion="4.0" xmlns="http://schemas.microsoft.com/developer/msbuild/2003">
  <ItemGroup>
    <Filter Include="Header Files">
      <UniqueIdentifier>{c17d8a42-dafc-4d75-8144-a7de1fc61355}</UniqueIdentifier>
      <Extensions>h;hpp;hxx</Extensions>
    </Filter>
    <Filter Include="Source Files">
      <UniqueIdentifier>{29cf2dc7-c3d4-4856-b909-572864fd9fc5}</UniqueIdentifier>
      <Extensions>c;cpp;cxx</Extensions>
    </Filter>
    <Filter Include="Template Implementations">
      <UniqueIdentifier>{1163c9cb-2c8b-469d-9759-0d33cd69c005}</UniqueIdentifier>
      <Extensions>tpp;txx</Extensions>
    </Filter>
  </ItemGroup>
  <ItemGroup>
    <ClInclude Include="build.hpp">
      <Filter>Header Files</Filter>
    </ClInclude>
    <ClInclude Include="cli_parser.hpp">
      <Filter>Header Files</Filter>
    </ClInclude>
    <ClInclude Include="containers.hpp">
      <Filter>Header Files</Filter>
    </ClInclude>
    <ClInclude Include="containers_fixes.hpp">
      <Filter>Header Files</Filter>
    </ClInclude>
    <ClInclude Include="copy_functors.hpp">
      <Filter>Header Files</Filter>
    </ClInclude>
    <ClInclude Include="debug.hpp">
      <Filter>Header Files</Filter>
    </ClInclude>
    <ClInclude Include="digraph.hpp">
      <Filter>Header Files</Filter>
    </ClInclude>
    <ClInclude Include="dprintf.hpp">
      <Filter>Header Files</Filter>
    </ClInclude>
    <ClInclude Include="dynaload.hpp">
      <Filter>Header Files</Filter>
    </ClInclude>
    <ClInclude Include="exceptions.hpp">
      <Filter>Header Files</Filter>
    </ClInclude>
    <ClInclude Include="file_system.hpp">
      <Filter>Header Files</Filter>
    </ClInclude>
    <ClInclude Include="format_types.hpp">
      <Filter>Header Files</Filter>
    </ClInclude>
    <ClInclude Include="foursome.hpp">
      <Filter>Header Files</Filter>
    </ClInclude>
    <ClInclude Include="hash.hpp">
      <Filter>Header Files</Filter>
    </ClInclude>
    <ClInclude Include="inf.hpp">
      <Filter>Header Files</Filter>
    </ClInclude>
    <ClInclude Include="ini_manager.hpp">
      <Filter>Header Files</Filter>
    </ClInclude>
    <ClInclude Include="ip_sockets.hpp">
      <Filter>Header Files</Filter>
    </ClInclude>
    <ClInclude Include="library_manager.hpp">
      <Filter>Header Files</Filter>
    </ClInclude>
    <ClInclude Include="matrix.hpp">
      <Filter>Header Files</Filter>
    </ClInclude>
    <ClInclude Include="message_handler.hpp">
      <Filter>Header Files</Filter>
    </ClInclude>
    <ClInclude Include="ntree.hpp">
      <Filter>Header Files</Filter>
    </ClInclude>
    <ClInclude Include="persistence.hpp">
      <Filter>Header Files</Filter>
    </ClInclude>
    <ClInclude Include="persistence_fixes.hpp">
      <Filter>Header Files</Filter>
    </ClInclude>
    <ClInclude Include="persistent.hpp">
      <Filter>Header Files</Filter>
    </ClInclude>
    <ClInclude Include="persistent_basic.hpp">
      <Filter>Header Files</Filter>
    </ClInclude>
    <ClInclude Include="persistent_bitset.hpp">
      <Filter>Header Files</Filter>
    </ClInclude>
    <ClInclude Include="persistent_bool.hpp">
      <Filter>Header Files</Filter>
    </ClInclude>
    <ClInclude Include="persistent_callback.hpp">
      <Filter>Header Files</Filter>
    </ClInclude>
    <ClInclude Include="persistent_complex.hpp">
      <Filter>Header Files</Filter>
    </ClInclude>
    <ClInclude Include="persistent_contexts.hpp">
      <Filter>Header Files</Filter>
    </ClInclude>
    <ClInclude Include="persistent_cstring.hpp">
      <Filter>Header Files</Filter>
    </ClInclude>
    <ClInclude Include="persistent_deque.hpp">
      <Filter>Header Files</Filter>
    </ClInclude>
    <ClInclude Include="persistent_digraph.hpp">
      <Filter>Header Files</Filter>
    </ClInclude>
    <ClInclude Include="persistent_enum.hpp">
      <Filter>Header Files</Filter>
    </ClInclude>
    <ClInclude Include="persistent_exceptions.hpp">
      <Filter>Header Files</Filter>
    </ClInclude>
    <ClInclude Include="persistent_float.hpp">
      <Filter>Header Files</Filter>
    </ClInclude>
    <ClInclude Include="persistent_foursome.hpp">
      <Filter>Header Files</Filter>
    </ClInclude>
    <ClInclude Include="persistent_hash.hpp">
      <Filter>Header Files</Filter>
    </ClInclude>
    <ClInclude Include="persistent_inf.hpp">
      <Filter>Header Files</Filter>
    </ClInclude>
    <ClInclude Include="persistent_int.hpp">
      <Filter>Header Files</Filter>
    </ClInclude>
    <ClInclude Include="persistent_interface.hpp">
      <Filter>Header Files</Filter>
    </ClInclude>
    <ClInclude Include="persistent_list.hpp">
      <Filter>Header Files</Filter>
    </ClInclude>
    <ClInclude Include="persistent_map.hpp">
      <Filter>Header Files</Filter>
    </ClInclude>
    <ClInclude Include="persistent_matrix.hpp">
      <Filter>Header Files</Filter>
    </ClInclude>
    <ClInclude Include="persistent_multimap.hpp">
      <Filter>Header Files</Filter>
    </ClInclude>
    <ClInclude Include="persistent_multiset.hpp">
      <Filter>Header Files</Filter>
    </ClInclude>
    <ClInclude Include="persistent_ntree.hpp">
      <Filter>Header Files</Filter>
    </ClInclude>
    <ClInclude Include="persistent_pair.hpp">
      <Filter>Header Files</Filter>
    </ClInclude>
    <ClInclude Include="persistent_pointer.hpp">
      <Filter>Header Files</Filter>
    </ClInclude>
    <ClInclude Include="persistent_pointers.hpp">
      <Filter>Header Files</Filter>
    </ClInclude>
    <ClInclude Include="persistent_set.hpp">
      <Filter>Header Files</Filter>
    </ClInclude>
    <ClInclude Include="persistent_shortcuts.hpp">
      <Filter>Header Files</Filter>
    </ClInclude>
    <ClInclude Include="persistent_simple_ptr.hpp">
      <Filter>Header Files</Filter>
    </ClInclude>
    <ClInclude Include="persistent_smart_ptr.hpp">
      <Filter>Header Files</Filter>
    </ClInclude>
    <ClInclude Include="persistent_stl.hpp">
      <Filter>Header Files</Filter>
    </ClInclude>
    <ClInclude Include="persistent_stlplus.hpp">
      <Filter>Header Files</Filter>
    </ClInclude>
    <ClInclude Include="persistent_string.hpp">
      <Filter>Header Files</Filter>
    </ClInclude>
    <ClInclude Include="persistent_triple.hpp">
      <Filter>Header Files</Filter>
    </ClInclude>
    <ClInclude Include="persistent_vector.hpp">
      <Filter>Header Files</Filter>
    </ClInclude>
    <ClInclude Include="persistent_xref.hpp">
      <Filter>Header Files</Filter>
    </ClInclude>
    <ClInclude Include="portability.hpp">
      <Filter>Header Files</Filter>
    </ClInclude>
    <ClInclude Include="portability_exceptions.hpp">
      <Filter>Header Files</Filter>
    </ClInclude>
    <ClInclude Include="portability_fixes.hpp">
      <Filter>Header Files</Filter>
    </ClInclude>
    <ClInclude Include="print_address.hpp">
      <Filter>Header Files</Filter>
    </ClInclude>
    <ClInclude Include="print_basic.hpp">
      <Filter>Header Files</Filter>
    </ClInclude>
    <ClInclude Include="print_bitset.hpp">
      <Filter>Header Files</Filter>
    </ClInclude>
    <ClInclude Include="print_bool.hpp">
      <Filter>Header Files</Filter>
    </ClInclude>
    <ClInclude Include="print_cstring.hpp">
      <Filter>Header Files</Filter>
    </ClInclude>
    <ClInclude Include="print_digraph.hpp">
      <Filter>Header Files</Filter>
    </ClInclude>
    <ClInclude Include="print_float.hpp">
      <Filter>Header Files</Filter>
    </ClInclude>
    <ClInclude Include="print_foursome.hpp">
      <Filter>Header Files</Filter>
    </ClInclude>
    <ClInclude Include="print_hash.hpp">
      <Filter>Header Files</Filter>
    </ClInclude>
    <ClInclude Include="print_inf.hpp">
      <Filter>Header Files</Filter>
    </ClInclude>
    <ClInclude Include="print_int.hpp">
      <Filter>Header Files</Filter>
    </ClInclude>
    <ClInclude Include="print_list.hpp">
      <Filter>Header Files</Filter>
    </ClInclude>
    <ClInclude Include="print_map.hpp">
      <Filter>Header Files</Filter>
    </ClInclude>
    <ClInclude Include="print_matrix.hpp">
      <Filter>Header Files</Filter>
    </ClInclude>
    <ClInclude Include="print_ntree.hpp">
      <Filter>Header Files</Filter>
    </ClInclude>
    <ClInclude Include="print_pair.hpp">
      <Filter>Header Files</Filter>
    </ClInclude>
    <ClInclude Include="print_pointer.hpp">
      <Filter>Header Files</Filter>
    </ClInclude>
    <ClInclude Include="print_sequence.hpp">
      <Filter>Header Files</Filter>
    </ClInclude>
    <ClInclude Include="print_set.hpp">
      <Filter>Header Files</Filter>
    </ClInclude>
    <ClInclude Include="print_simple_ptr.hpp">
      <Filter>Header Files</Filter>
    </ClInclude>
    <ClInclude Include="print_smart_ptr.hpp">
      <Filter>Header Files</Filter>
    </ClInclude>
    <ClInclude Include="print_stl.hpp">
      <Filter>Header Files</Filter>
    </ClInclude>
    <ClInclude Include="print_stlplus.hpp">
      <Filter>Header Files</Filter>
    </ClInclude>
    <ClInclude Include="print_string.hpp">
      <Filter>Header Files</Filter>
    </ClInclude>
    <ClInclude Include="print_triple.hpp">
      <Filter>Header Files</Filter>
    </ClInclude>
    <ClInclude Include="print_vector.hpp">
      <Filter>Header Files</Filter>
    </ClInclude>
    <ClInclude Include="safe_iterator.hpp">
      <Filter>Header Files</Filter>
    </ClInclude>
    <ClInclude Include="simple_ptr.hpp">
      <Filter>Header Files</Filter>
    </ClInclude>
    <ClInclude Include="smart_ptr.hpp">
      <Filter>Header Files</Filter>
    </ClInclude>
    <ClInclude Include="string_address.hpp">
      <Filter>Header Files</Filter>
    </ClInclude>
    <ClInclude Include="string_basic.hpp">
      <Filter>Header Files</Filter>
    </ClInclude>
    <ClInclude Include="string_bitset.hpp">
      <Filter>Header Files</Filter>
    </ClInclude>
    <ClInclude Include="string_bool.hpp">
      <Filter>Header Files</Filter>
    </ClInclude>
    <ClInclude Include="string_cstring.hpp">
      <Filter>Header Files</Filter>
    </ClInclude>
    <ClInclude Include="string_digraph.hpp">
      <Filter>Header Files</Filter>
    </ClInclude>
    <ClInclude Include="string_float.hpp">
      <Filter>Header Files</Filter>
    </ClInclude>
    <ClInclude Include="string_foursome.hpp">
      <Filter>Header Files</Filter>
    </ClInclude>
    <ClInclude Include="string_hash.hpp">
      <Filter>Header Files</Filter>
    </ClInclude>
    <ClInclude Include="string_inf.hpp">
      <Filter>Header Files</Filter>
    </ClInclude>
    <ClInclude Include="string_int.hpp">
      <Filter>Header Files</Filter>
    </ClInclude>
    <ClInclude Include="string_list.hpp">
      <Filter>Header Files</Filter>
    </ClInclude>
    <ClInclude Include="string_map.hpp">
      <Filter>Header Files</Filter>
    </ClInclude>
    <ClInclude Include="string_matrix.hpp">
      <Filter>Header Files</Filter>
    </ClInclude>
    <ClInclude Include="string_ntree.hpp">
      <Filter>Header Files</Filter>
    </ClInclude>
    <ClInclude Include="string_pair.hpp">
      <Filter>Header Files</Filter>
    </ClInclude>
    <ClInclude Include="string_pointer.hpp">
      <Filter>Header Files</Filter>
    </ClInclude>
    <ClInclude Include="string_sequence.hpp">
      <Filter>Header Files</Filter>
    </ClInclude>
    <ClInclude Include="string_set.hpp">
      <Filter>Header Files</Filter>
    </ClInclude>
    <ClInclude Include="string_simple_ptr.hpp">
      <Filter>Header Files</Filter>
    </ClInclude>
    <ClInclude Include="string_smart_ptr.hpp">
      <Filter>Header Files</Filter>
    </ClInclude>
    <ClInclude Include="string_stl.hpp">
      <Filter>Header Files</Filter>
    </ClInclude>
    <ClInclude Include="string_stlplus.hpp">
      <Filter>Header Files</Filter>
    </ClInclude>
    <ClInclude Include="string_string.hpp">
      <Filter>Header Files</Filter>
    </ClInclude>
    <ClInclude Include="string_triple.hpp">
      <Filter>Header Files</Filter>
    </ClInclude>
    <ClInclude Include="string_utilities.hpp">
      <Filter>Header Files</Filter>
    </ClInclude>
    <ClInclude Include="string_vector.hpp">
      <Filter>Header Files</Filter>
    </ClInclude>
    <ClInclude Include="strings.hpp">
      <Filter>Header Files</Filter>
    </ClInclude>
    <ClInclude Include="strings_fixes.hpp">
      <Filter>Header Files</Filter>
    </ClInclude>
    <ClInclude Include="subprocesses.hpp">
      <Filter>Header Files</Filter>
    </ClInclude>
    <ClInclude Include="subsystems.hpp">
      <Filter>Header Files</Filter>
    </ClInclude>
    <ClInclude Include="subsystems_fixes.hpp">
      <Filter>Header Files</Filter>
    </ClInclude>
    <ClInclude Include="tcp.hpp">
      <Filter>Header Files</Filter>
    </ClInclude>
    <ClInclude Include="tcp_sockets.hpp">
      <Filter>Header Files</Filter>
    </ClInclude>
    <ClInclude Include="time.hpp">
      <Filter>Header Files</Filter>
    </ClInclude>
    <ClInclude Include="timer.hpp">
      <Filter>Header Files</Filter>
    </ClInclude>
    <ClInclude Include="triple.hpp">
      <Filter>Header Files</Filter>
    </ClInclude>
    <ClInclude Include="udp_sockets.hpp">
      <Filter>Header Files</Filter>
    </ClInclude>
    <ClInclude Include="version.hpp">
      <Filter>Header Files</Filter>
    </ClInclude>
    <ClInclude Include="wildcard.hpp">
      <Filter>Header Files</Filter>
    </ClInclude>
  </ItemGroup>
  <ItemGroup>
    <ClCompile Include="build.cpp">
      <Filter>Source Files</Filter>
    </ClCompile>
    <ClCompile Include="cli_parser.cpp">
      <Filter>Source Files</Filter>
    </ClCompile>
    <ClCompile Include="debug.cpp">
      <Filter>Source Files</Filter>
    </ClCompile>
    <ClCompile Include="dprintf.cpp">
      <Filter>Source Files</Filter>
    </ClCompile>
    <ClCompile Include="dynaload.cpp">
      <Filter>Source Files</Filter>
    </ClCompile>
    <ClCompile Include="file_system.cpp">
      <Filter>Source Files</Filter>
    </ClCompile>
    <ClCompile Include="inf.cpp">
      <Filter>Source Files</Filter>
    </ClCompile>
    <ClCompile Include="ini_manager.cpp">
      <Filter>Source Files</Filter>
    </ClCompile>
    <ClCompile Include="ip_sockets.cpp">
      <Filter>Source Files</Filter>
    </ClCompile>
    <ClCompile Include="library_manager.cpp">
      <Filter>Source Files</Filter>
    </ClCompile>
    <ClCompile Include="message_handler.cpp">
      <Filter>Source Files</Filter>
    </ClCompile>
    <ClCompile Include="persistent_bool.cpp">
      <Filter>Source Files</Filter>
    </ClCompile>
    <ClCompile Include="persistent_contexts.cpp">
      <Filter>Source Files</Filter>
    </ClCompile>
    <ClCompile Include="persistent_cstring.cpp">
      <Filter>Source Files</Filter>
    </ClCompile>
    <ClCompile Include="persistent_exceptions.cpp">
      <Filter>Source Files</Filter>
    </ClCompile>
    <ClCompile Include="persistent_float.cpp">
      <Filter>Source Files</Filter>
    </ClCompile>
    <ClCompile Include="persistent_inf.cpp">
      <Filter>Source Files</Filter>
    </ClCompile>
    <ClCompile Include="persistent_int.cpp">
      <Filter>Source Files</Filter>
    </ClCompile>
    <ClCompile Include="persistent_string.cpp">
      <Filter>Source Files</Filter>
    </ClCompile>
    <ClCompile Include="persistent_vector.cpp">
      <Filter>Source Files</Filter>
    </ClCompile>
    <ClCompile Include="portability_fixes.cpp">
      <Filter>Source Files</Filter>
    </ClCompile>
    <ClCompile Include="print_address.cpp">
      <Filter>Source Files</Filter>
    </ClCompile>
    <ClCompile Include="print_bool.cpp">
      <Filter>Source Files</Filter>
    </ClCompile>
    <ClCompile Include="print_cstring.cpp">
      <Filter>Source Files</Filter>
    </ClCompile>
    <ClCompile Include="print_float.cpp">
      <Filter>Source Files</Filter>
    </ClCompile>
    <ClCompile Include="print_inf.cpp">
      <Filter>Source Files</Filter>
    </ClCompile>
    <ClCompile Include="print_int.cpp">
      <Filter>Source Files</Filter>
    </ClCompile>
    <ClCompile Include="print_string.cpp">
      <Filter>Source Files</Filter>
    </ClCompile>
    <ClCompile Include="print_vector.cpp">
      <Filter>Source Files</Filter>
    </ClCompile>
    <ClCompile Include="string_address.cpp">
      <Filter>Source Files</Filter>
    </ClCompile>
    <ClCompile Include="string_bool.cpp">
      <Filter>Source Files</Filter>
    </ClCompile>
    <ClCompile Include="string_cstring.cpp">
      <Filter>Source Files</Filter>
    </ClCompile>
    <ClCompile Include="string_float.cpp">
      <Filter>Source Files</Filter>
    </ClCompile>
    <ClCompile Include="string_inf.cpp">
      <Filter>Source Files</Filter>
    </ClCompile>
    <ClCompile Include="string_int.cpp">
      <Filter>Source Files</Filter>
    </ClCompile>
    <ClCompile Include="string_string.cpp">
      <Filter>Source Files</Filter>
    </ClCompile>
    <ClCompile Include="string_utilities.cpp">
      <Filter>Source Files</Filter>
    </ClCompile>
    <ClCompile Include="string_vector.cpp">
      <Filter>Source Files</Filter>
    </ClCompile>
    <ClCompile Include="subprocesses.cpp">
      <Filter>Source Files</Filter>
    </ClCompile>
    <ClCompile Include="tcp_sockets.cpp">
      <Filter>Source Files</Filter>
    </ClCompile>
    <ClCompile Include="time.cpp">
      <Filter>Source Files</Filter>
    </ClCompile>
    <ClCompile Include="timer.cpp">
      <Filter>Source Files</Filter>
    </ClCompile>
    <ClCompile Include="udp_sockets.cpp">
      <Filter>Source Files</Filter>
    </ClCompile>
    <ClCompile Include="version.cpp">
      <Filter>Source Files</Filter>
    </ClCompile>
    <ClCompile Include="wildcard.cpp">
      <Filter>Source Files</Filter>
    </ClCompile>
  </ItemGroup>
  <ItemGroup>
    <None Include="digraph.tpp">
      <Filter>Template Implementations</Filter>
    </None>
    <None Include="foursome.tpp">
      <Filter>Template Implementations</Filter>
    </None>
    <None Include="hash.tpp">
      <Filter>Template Implementations</Filter>
    </None>
    <None Include="matrix.tpp">
      <Filter>Template Implementations</Filter>
    </None>
    <None Include="ntree.tpp">
      <Filter>Template Implementations</Filter>
    </None>
    <None Include="persistent_bitset.tpp">
      <Filter>Template Implementations</Filter>
    </None>
    <None Include="persistent_callback.tpp">
      <Filter>Template Implementations</Filter>
    </None>
    <None Include="persistent_complex.tpp">
      <Filter>Template Implementations</Filter>
    </None>
    <None Include="persistent_deque.tpp">
      <Filter>Template Implementations</Filter>
    </None>
    <None Include="persistent_digraph.tpp">
      <Filter>Template Implementations</Filter>
    </None>
    <None Include="persistent_enum.tpp">
      <Filter>Template Implementations</Filter>
    </None>
    <None Include="persistent_foursome.tpp">
      <Filter>Template Implementations</Filter>
    </None>
    <None Include="persistent_hash.tpp">
      <Filter>Template Implementations</Filter>
    </None>
    <None Include="persistent_interface.tpp">
      <Filter>Template Implementations</Filter>
    </None>
    <None Include="persistent_list.tpp">
      <Filter>Template Implementations</Filter>
    </None>
    <None Include="persistent_map.tpp">
      <Filter>Template Implementations</Filter>
    </None>
    <None Include="persistent_matrix.tpp">
      <Filter>Template Implementations</Filter>
    </None>
    <None Include="persistent_multimap.tpp">
      <Filter>Template Implementations</Filter>
    </None>
    <None Include="persistent_multiset.tpp">
      <Filter>Template Implementations</Filter>
    </None>
    <None Include="persistent_ntree.tpp">
      <Filter>Template Implementations</Filter>
    </None>
    <None Include="persistent_pair.tpp">
      <Filter>Template Implementations</Filter>
    </None>
    <None Include="persistent_pointer.tpp">
      <Filter>Template Implementations</Filter>
    </None>
    <None Include="persistent_set.tpp">
      <Filter>Template Implementations</Filter>
    </None>
    <None Include="persistent_shortcuts.tpp">
      <Filter>Template Implementations</Filter>
    </None>
    <None Include="persistent_simple_ptr.tpp">
      <Filter>Template Implementations</Filter>
    </None>
    <None Include="persistent_smart_ptr.tpp">
      <Filter>Template Implementations</Filter>
    </None>
    <None Include="persistent_string.tpp">
      <Filter>Template Implementations</Filter>
    </None>
    <None Include="persistent_triple.tpp">
      <Filter>Template Implementations</Filter>
    </None>
    <None Include="persistent_vector.tpp">
      <Filter>Template Implementations</Filter>
    </None>
    <None Include="persistent_xref.tpp">
      <Filter>Template Implementations</Filter>
    </None>
    <None Include="print_bitset.tpp">
      <Filter>Template Implementations</Filter>
    </None>
    <None Include="print_digraph.tpp">
      <Filter>Template Implementations</Filter>
    </None>
    <None Include="print_foursome.tpp">
      <Filter>Template Implementations</Filter>
    </None>
    <None Include="print_hash.tpp">
      <Filter>Template Implementations</Filter>
    </None>
    <None Include="print_list.tpp">
      <Filter>Template Implementations</Filter>
    </None>
    <None Include="print_map.tpp">
      <Filter>Template Implementations</Filter>
    </None>
    <None Include="print_matrix.tpp">
      <Filter>Template Implementations</Filter>
    </None>
    <None Include="print_ntree.tpp">
      <Filter>Template Implementations</Filter>
    </None>
    <None Include="print_pair.tpp">
      <Filter>Template Implementations</Filter>
    </None>
    <None Include="print_pointer.tpp">
      <Filter>Template Implementations</Filter>
    </None>
    <None Include="print_sequence.tpp">
      <Filter>Template Implementations</Filter>
    </None>
    <None Include="print_set.tpp">
      <Filter>Template Implementations</Filter>
    </None>
    <None Include="print_simple_ptr.tpp">
      <Filter>Template Implementations</Filter>
    </None>
    <None Include="print_smart_ptr.tpp">
      <Filter>Template Implementations</Filter>
    </None>
    <None Include="print_triple.tpp">
      <Filter>Template Implementations</Filter>
    </None>
    <None Include="print_vector.tpp">
      <Filter>Template Implementations</Filter>
    </None>
    <None Include="safe_iterator.tpp">
      <Filter>Template Implementations</Filter>
    </None>
    <None Include="simple_ptr.tpp">
      <Filter>Template Implementations</Filter>
    </None>
    <None Include="smart_ptr.tpp">
      <Filter>Template Implementations</Filter>
    </None>
    <None Include="string_bitset.tpp">
      <Filter>Template Implementations</Filter>
    </None>
    <None Include="string_digraph.tpp">
      <Filter>Template Implementations</Filter>
    </None>
    <None Include="string_foursome.tpp">
      <Filter>Template Implementations</Filter>
    </None>
    <None Include="string_hash.tpp">
      <Filter>Template Implementations</Filter>
    </None>
    <None Include="string_list.tpp">
      <Filter>Template Implementations</Filter>
    </None>
    <None Include="string_map.tpp">
      <Filter>Template Implementations</Filter>
    </None>
    <None Include="string_matrix.tpp">
      <Filter>Template Implementations</Filter>
    </None>
    <None Include="string_ntree.tpp">
      <Filter>Template Implementations</Filter>
    </None>
    <None Include="string_pair.tpp">
      <Filter>Template Implementations</Filter>
    </None>
    <None Include="string_pointer.tpp">
      <Filter>Template Implementations</Filter>
    </None>
    <None Include="string_sequence.tpp">
      <Filter>Template Implementations</Filter>
    </None>
    <None Include="string_set.tpp">
      <Filter>Template Implementations</Filter>
    </None>
    <None Include="string_simple_ptr.tpp">
      <Filter>Template Implementations</Filter>
    </None>
    <None Include="string_smart_ptr.tpp">
      <Filter>Template Implementations</Filter>
    </None>
    <None Include="string_triple.tpp">
      <Filter>Template Implementations</Filter>
    </None>
    <None Include="string_vector.tpp">
      <Filter>Template Implementations</Filter>
    </None>
    <None Include="triple.tpp">
      <Filter>Template Implementations</Filter>
    </None>
    <None Include="README.txt" />
  </ItemGroup>
</Project>